
Microsoft Visual Studio Solution File, Format Version 12.00
# Visual Studio Version 17
VisualStudioVersion = 17.8.34309.116
MinimumVisualStudioVersion = 10.0.40219.1
Project("{9A19103F-16F7-4668-BE54-9A1E7A4F7556}") = "FSU-600-LAB2", "FSU-600-LAB2\FSU-600-LAB2.csproj", "{ADDE6C4E-F126-48A1-B4A6-DB1A2EB1C162}"
EndProject
Global
	GlobalSection(SolutionConfigurationPlatforms) = preSolution
		Debug|Any CPU = Debug|Any CPU
		Release|Any CPU = Release|Any CPU
	EndGlobalSection
	GlobalSection(ProjectConfigurationPlatforms) = postSolution
		{ADDE6C4E-F126-48A1-B4A6-DB1A2EB1C162}.Debug|Any CPU.ActiveCfg = Debug|Any CPU
		{ADDE6C4E-F126-48A1-B4A6-DB1A2EB1C162}.Debug|Any CPU.Build.0 = Debug|Any CPU
		{ADDE6C4E-F126-48A1-B4A6-DB1A2EB1C162}.Release|Any CPU.ActiveCfg = Release|Any CPU
		{ADDE6C4E-F126-48A1-B4A6-DB1A2EB1C162}.Release|Any CPU.Build.0 = Release|Any CPU
	EndGlobalSection
	GlobalSection(SolutionProperties) = preSolution
		HideSolutionNode = FALSE
	EndGlobalSection
	GlobalSection(ExtensibilityGlobals) = postSolution
		SolutionGuid = {CE5EE7E7-26F6-411F-99C8-642EE874A320}
	EndGlobalSection
EndGlobal
